
Microsoft Visual Studio Solution File, Format Version 12.00
# Visual Studio Version 17
VisualStudioVersion = 17.0.31903.59
MinimumVisualStudioVersion = 10.0.40219.1
Project("{2150E333-8FDC-42A3-9474-1A3956D46DE8}") = "api", "api", "{D82C56D6-B2CD-F611-9E31-04638F7EC30E}"
EndProject
Project("{FAE04EC0-301F-11D3-BF4B-00C04F79EFBC}") = "Jonnxor.Api", "api\Jonnxor.Api\Jonnxor.Api.csproj", "{F9F494FF-86C1-4197-9846-D78201098916}"
EndProject
Project("{2150E333-8FDC-42A3-9474-1A3956D46DE8}") = "tests", "tests", "{0AB3BF05-4346-4AA6-1389-037BE0695223}"
EndProject
Project("{FAE04EC0-301F-11D3-BF4B-00C04F79EFBC}") = "Jonnxor.Api.Tests", "tests\Jonnxor.Api.Tests\Jonnxor.Api.Tests.csproj", "{F31224A6-C031-4D22-817D-D0B63A2F0A86}"
EndProject
Project("{2150E333-8FDC-42A3-9474-1A3956D46DE8}") = "admin", "admin", "{08363F22-23A7-70B7-557A-C076A2D48378}"
EndProject
Project("{FAE04EC0-301F-11D3-BF4B-00C04F79EFBC}") = "Jonnxor.Admin", "admin\Jonnxor.Admin\Jonnxor.Admin.csproj", "{C0155991-1CF0-42F0-9DF8-F16CF29E4727}"
EndProject
Project("{FAE04EC0-301F-11D3-BF4B-00C04F79EFBC}") = "Jonnxor.Admin.Tests", "tests\Jonnxor.Admin.Tests\Jonnxor.Admin.Tests.csproj", "{FA764E00-B829-4FC5-9B94-A9BBD08B2B1B}"
EndProject
Global
	GlobalSection(SolutionConfigurationPlatforms) = preSolution
		Debug|Any CPU = Debug|Any CPU
		Debug|x64 = Debug|x64
		Debug|x86 = Debug|x86
		Release|Any CPU = Release|Any CPU
		Release|x64 = Release|x64
		Release|x86 = Release|x86
	EndGlobalSection
	GlobalSection(ProjectConfigurationPlatforms) = postSolution
		{F9F494FF-86C1-4197-9846-D78201098916}.Debug|Any CPU.ActiveCfg = Debug|Any CPU
		{F9F494FF-86C1-4197-9846-D78201098916}.Debug|Any CPU.Build.0 = Debug|Any CPU
		{F9F494FF-86C1-4197-9846-D78201098916}.Debug|x64.ActiveCfg = Debug|Any CPU
		{F9F494FF-86C1-4197-9846-D78201098916}.Debug|x64.Build.0 = Debug|Any CPU
		{F9F494FF-86C1-4197-9846-D78201098916}.Debug|x86.ActiveCfg = Debug|Any CPU
		{F9F494FF-86C1-4197-9846-D78201098916}.Debug|x86.Build.0 = Debug|Any CPU
		{F9F494FF-86C1-4197-9846-D78201098916}.Release|Any CPU.ActiveCfg = Release|Any CPU
		{F9F494FF-86C1-4197-9846-D78201098916}.Release|Any CPU.Build.0 = Release|Any CPU
		{F9F494FF-86C1-4197-9846-D78201098916}.Release|x64.ActiveCfg = Release|Any CPU
		{F9F494FF-86C1-4197-9846-D78201098916}.Release|x64.Build.0 = Release|Any CPU
		{F9F494FF-86C1-4197-9846-D78201098916}.Release|x86.ActiveCfg = Release|Any CPU
		{F9F494FF-86C1-4197-9846-D78201098916}.Release|x86.Build.0 = Release|Any CPU
		{F31224A6-C031-4D22-817D-D0B63A2F0A86}.Debug|Any CPU.ActiveCfg = Debug|Any CPU
		{F31224A6-C031-4D22-817D-D0B63A2F0A86}.Debug|Any CPU.Build.0 = Debug|Any CPU
		{F31224A6-C031-4D22-817D-D0B63A2F0A86}.Debug|x64.ActiveCfg = Debug|Any CPU
		{F31224A6-C031-4D22-817D-D0B63A2F0A86}.Debug|x64.Build.0 = Debug|Any CPU
		{F31224A6-C031-4D22-817D-D0B63A2F0A86}.Debug|x86.ActiveCfg = Debug|Any CPU
		{F31224A6-C031-4D22-817D-D0B63A2F0A86}.Debug|x86.Build.0 = Debug|Any CPU
		{F31224A6-C031-4D22-817D-D0B63A2F0A86}.Release|Any CPU.ActiveCfg = Release|Any CPU
		{F31224A6-C031-4D22-817D-D0B63A2F0A86}.Release|Any CPU.Build.0 = Release|Any CPU
		{F31224A6-C031-4D22-817D-D0B63A2F0A86}.Release|x64.ActiveCfg = Release|Any CPU
		{F31224A6-C031-4D22-817D-D0B63A2F0A86}.Release|x64.Build.0 = Release|Any CPU
		{F31224A6-C031-4D22-817D-D0B63A2F0A86}.Release|x86.ActiveCfg = Release|Any CPU
		{F31224A6-C031-4D22-817D-D0B63A2F0A86}.Release|x86.Build.0 = Release|Any CPU
		{C0155991-1CF0-42F0-9DF8-F16CF29E4727}.Debug|Any CPU.ActiveCfg = Debug|Any CPU
		{C0155991-1CF0-42F0-9DF8-F16CF29E4727}.Debug|Any CPU.Build.0 = Debug|Any CPU
		{C0155991-1CF0-42F0-9DF8-F16CF29E4727}.Debug|x64.ActiveCfg = Debug|Any CPU
		{C0155991-1CF0-42F0-9DF8-F16CF29E4727}.Debug|x64.Build.0 = Debug|Any CPU
		{C0155991-1CF0-42F0-9DF8-F16CF29E4727}.Debug|x86.ActiveCfg = Debug|Any CPU
		{C0155991-1CF0-42F0-9DF8-F16CF29E4727}.Debug|x86.Build.0 = Debug|Any CPU
		{C0155991-1CF0-42F0-9DF8-F16CF29E4727}.Release|Any CPU.ActiveCfg = Release|Any CPU
		{C0155991-1CF0-42F0-9DF8-F16CF29E4727}.Release|Any CPU.Build.0 = Release|Any CPU
		{C0155991-1CF0-42F0-9DF8-F16CF29E4727}.Release|x64.ActiveCfg = Release|Any CPU
		{C0155991-1CF0-42F0-9DF8-F16CF29E4727}.Release|x64.Build.0 = Release|Any CPU
		{C0155991-1CF0-42F0-9DF8-F16CF29E4727}.Release|x86.ActiveCfg = Release|Any CPU
		{C0155991-1CF0-42F0-9DF8-F16CF29E4727}.Release|x86.Build.0 = Release|Any CPU
		{FA764E00-B829-4FC5-9B94-A9BBD08B2B1B}.Debug|Any CPU.ActiveCfg = Debug|Any CPU
		{FA764E00-B829-4FC5-9B94-A9BBD08B2B1B}.Debug|Any CPU.Build.0 = Debug|Any CPU
		{FA764E00-B829-4FC5-9B94-A9BBD08B2B1B}.Debug|x64.ActiveCfg = Debug|Any CPU
		{FA764E00-B829-4FC5-9B94-A9BBD08B2B1B}.Debug|x64.Build.0 = Debug|Any CPU
		{FA764E00-B829-4FC5-9B94-A9BBD08B2B1B}.Debug|x86.ActiveCfg = Debug|Any CPU
		{FA764E00-B829-4FC5-9B94-A9BBD08B2B1B}.Debug|x86.Build.0 = Debug|Any CPU
		{FA764E00-B829-4FC5-9B94-A9BBD08B2B1B}.Release|Any CPU.ActiveCfg = Release|Any CPU
		{FA764E00-B829-4FC5-9B94-A9BBD08B2B1B}.Release|Any CPU.Build.0 = Release|Any CPU
		{FA764E00-B829-4FC5-9B94-A9BBD08B2B1B}.Release|x64.ActiveCfg = Release|Any CPU
		{FA764E00-B829-4FC5-9B94-A9BBD08B2B1B}.Release|x64.Build.0 = Release|Any CPU
		{FA764E00-B829-4FC5-9B94-A9BBD08B2B1B}.Release|x86.ActiveCfg = Release|Any CPU
		{FA764E00-B829-4FC5-9B94-A9BBD08B2B1B}.Release|x86.Build.0 = Release|Any CPU
	EndGlobalSection
	GlobalSection(SolutionProperties) = preSolution
		HideSolutionNode = FALSE
	EndGlobalSection
	GlobalSection(NestedProjects) = preSolution
		{F9F494FF-86C1-4197-9846-D78201098916} = {D82C56D6-B2CD-F611-9E31-04638F7EC30E}
		{F31224A6-C031-4D22-817D-D0B63A2F0A86} = {0AB3BF05-4346-4AA6-1389-037BE0695223}
		{C0155991-1CF0-42F0-9DF8-F16CF29E4727} = {08363F22-23A7-70B7-557A-C076A2D48378}
		{FA764E00-B829-4FC5-9B94-A9BBD08B2B1B} = {0AB3BF05-4346-4AA6-1389-037BE0695223}
	EndGlobalSection
EndGlobal
